
Microsoft Visual Studio Solution File, Format Version 12.00
# Visual Studio Version 17
VisualStudioVersion = 17.5.33424.131
MinimumVisualStudioVersion = 10.0.40219.1
Project("{FAE04EC0-301F-11D3-BF4B-00C04F79EFBC}") = "Mindbox.Task", "Mindbox.Task\Mindbox.Task.csproj", "{15F806CF-13E5-4EB2-A55C-62954990AD5E}"
EndProject
Project("{2150E333-8FDC-42A3-9474-1A3956D46DE8}") = "Tests", "Tests", "{62F67555-EBA9-4190-9FD9-512228642342}"
EndProject
Project("{FAE04EC0-301F-11D3-BF4B-00C04F79EFBC}") = "Mindbox.Task.Tests", "Tests\Mindbox.Task.Tests\Mindbox.Task.Tests.csproj", "{FB36FEFD-CC44-4ADA-B75B-E317A1706196}"
EndProject
Global
	GlobalSection(SolutionConfigurationPlatforms) = preSolution
		Debug|Any CPU = Debug|Any CPU
		Release|Any CPU = Release|Any CPU
	EndGlobalSection
	GlobalSection(ProjectConfigurationPlatforms) = postSolution
		{15F806CF-13E5-4EB2-A55C-62954990AD5E}.Debug|Any CPU.ActiveCfg = Debug|Any CPU
		{15F806CF-13E5-4EB2-A55C-62954990AD5E}.Debug|Any CPU.Build.0 = Debug|Any CPU
		{15F806CF-13E5-4EB2-A55C-62954990AD5E}.Release|Any CPU.ActiveCfg = Release|Any CPU
		{15F806CF-13E5-4EB2-A55C-62954990AD5E}.Release|Any CPU.Build.0 = Release|Any CPU
		{FB36FEFD-CC44-4ADA-B75B-E317A1706196}.Debug|Any CPU.ActiveCfg = Debug|Any CPU
		{FB36FEFD-CC44-4ADA-B75B-E317A1706196}.Debug|Any CPU.Build.0 = Debug|Any CPU
		{FB36FEFD-CC44-4ADA-B75B-E317A1706196}.Release|Any CPU.ActiveCfg = Release|Any CPU
		{FB36FEFD-CC44-4ADA-B75B-E317A1706196}.Release|Any CPU.Build.0 = Release|Any CPU
	EndGlobalSection
	GlobalSection(SolutionProperties) = preSolution
		HideSolutionNode = FALSE
	EndGlobalSection
	GlobalSection(NestedProjects) = preSolution
		{FB36FEFD-CC44-4ADA-B75B-E317A1706196} = {62F67555-EBA9-4190-9FD9-512228642342}
	EndGlobalSection
	GlobalSection(ExtensibilityGlobals) = postSolution
		SolutionGuid = {BF98226D-0760-4967-8395-ACB03E46EB0E}
	EndGlobalSection
EndGlobal
